
Microsoft Visual Studio Solution File, Format Version 12.00
# Visual Studio Version 17
VisualStudioVersion = 17.7.34221.43
MinimumVisualStudioVersion = 10.0.40219.1
Project("{FAE04EC0-301F-11D3-BF4B-00C04F79EFBC}") = "GooberLauncher#", "GooberLauncher#\GooberLauncher#.csproj", "{4E787E92-8956-419D-87D0-7F0E3CB5CB59}"
EndProject
Global
	GlobalSection(SolutionConfigurationPlatforms) = preSolution
		Debug|Any CPU = Debug|Any CPU
		Release|Any CPU = Release|Any CPU
	EndGlobalSection
	GlobalSection(ProjectConfigurationPlatforms) = postSolution
		{4E787E92-8956-419D-87D0-7F0E3CB5CB59}.Debug|Any CPU.ActiveCfg = Debug|Any CPU
		{4E787E92-8956-419D-87D0-7F0E3CB5CB59}.Debug|Any CPU.Build.0 = Debug|Any CPU
		{4E787E92-8956-419D-87D0-7F0E3CB5CB59}.Release|Any CPU.ActiveCfg = Release|Any CPU
		{4E787E92-8956-419D-87D0-7F0E3CB5CB59}.Release|Any CPU.Build.0 = Release|Any CPU
	EndGlobalSection
	GlobalSection(SolutionProperties) = preSolution
		HideSolutionNode = FALSE
	EndGlobalSection
	GlobalSection(ExtensibilityGlobals) = postSolution
		SolutionGuid = {240D29F7-1549-42B0-B393-C52A19A778AD}
	EndGlobalSection
EndGlobal
